<?xml version="1.0" encoding="utf-8"?>
<Project ToolsVersion="4.0" xmlns="http://schemas.microsoft.com/developer/msbuild/2003">
  <ItemGroup>
    <Filter Include="source">
      <UniqueIdentifier>{04fc4325-ddb6-4203-a49c-0b51e3f28643}</UniqueIdentifier>
    </Filter>
    <Filter Include="imgui">
      <UniqueIdentifier>{45ec1c87-883c-49fc-9af8-cc012b8177e4}</UniqueIdentifier>
    </Filter>
    <Filter Include="backends">
      <UniqueIdentifier>{c9a8a7b5-2fe7-4502-9d4b-64c0c5fcb34e}</UniqueIdentifier>
    </Filter>
    <Filter Include="headers">
      <UniqueIdentifier>{4933d83f-9994-40a6-92b0-6d612686567a}</UniqueIdentifier>
    </Filter>
  </ItemGroup>
  <ItemGroup>
    <ClCompile Include="source\main.cpp">
      <Filter>source</Filter>
    </ClCompile>
    <ClCompile Include="Utilities\imgui\imgui.cpp">
      <Filter>imgui</Filter>
    </ClCompile>
    <ClCompile Include="Utilities\imgui\imgui_demo.cpp">
      <Filter>imgui</Filter>
    </ClCompile>
    <ClCompile Include="Utilities\imgui\imgui_draw.cpp">
      <Filter>imgui</Filter>
    </ClCompile>
    <ClCompile Include="Utilities\imgui\imgui_tables.cpp">
      <Filter>imgui</Filter>
    </ClCompile>
    <ClCompile Include="Utilities\imgui\imgui_widgets.cpp">
      <Filter>imgui</Filter>
    </ClCompile>
    <ClCompile Include="Utilities\imgui\misc\imgui_stdlib.cpp">
      <Filter>imgui</Filter>
    </ClCompile>
    <ClCompile Include="source\BoxRenderer.cpp">
      <Filter>source</Filter>
    </ClCompile>
    <ClCompile Include="Utilities\imgui\backends\imgui_impl_dx12.cpp">
      <Filter>backends</Filter>
    </ClCompile>
    <ClCompile Include="Utilities\imgui\backends\imgui_impl_win32.cpp">
      <Filter>backends</Filter>
    </ClCompile>
    <ClCompile Include="source\Renderer.cpp">
      <Filter>source</Filter>
    </ClCompile>
    <ClCompile Include="source\RayTracerRenderer.cpp">
      <Filter>source</Filter>
    </ClCompile>
    <ClCompile Include="source\d3dUtil.cpp">
      <Filter>source</Filter>
    </ClCompile>
    <ClCompile Include="Utilities\DDSTextureLoader\DDSTextureLoader12.cpp">
      <Filter>source</Filter>
    </ClCompile>
    <ClCompile Include="source\Application.cpp" />
    <ClCompile Include="source\SwapChain.cpp" />
    <ClCompile Include="source\GameTimer.cpp" />
    <ClCompile Include="source\DescriptorHeapAllocator.cpp" />
    <ClCompile Include="source\Device.cpp" />
  </ItemGroup>
  <ItemGroup>
    <ClInclude Include="Utilities\imgui\imconfig.h">
      <Filter>imgui</Filter>
    </ClInclude>
    <ClInclude Include="Utilities\imgui\imgui.h">
      <Filter>imgui</Filter>
    </ClInclude>
    <ClInclude Include="Utilities\imgui\imgui_internal.h">
      <Filter>imgui</Filter>
    </ClInclude>
    <ClInclude Include="Utilities\imgui\misc\imgui_stdlib.h">
      <Filter>imgui</Filter>
    </ClInclude>
    <ClInclude Include="Utilities\imgui\imstb_rectpack.h">
      <Filter>imgui</Filter>
    </ClInclude>
    <ClInclude Include="Utilities\imgui\imstb_textedit.h">
      <Filter>imgui</Filter>
    </ClInclude>
    <ClInclude Include="Utilities\imgui\imstb_truetype.h">
      <Filter>imgui</Filter>
    </ClInclude>
    <ClInclude Include="Utilities\imgui\backends\imgui_impl_dx12.h">
      <Filter>backends</Filter>
    </ClInclude>
    <ClInclude Include="Utilities\imgui\backends\imgui_impl_win32.h">
      <Filter>backends</Filter>
    </ClInclude>
    <ClInclude Include="header\d3dx12.h">
      <Filter>headers</Filter>
    </ClInclude>
    <ClInclude Include="header\Renderer.h">
      <Filter>headers</Filter>
    </ClInclude>
    <ClInclude Include="header\UploadBuffer.h">
      <Filter>headers</Filter>
    </ClInclude>
    <ClInclude Include="header\d3dUtil.h">
      <Filter>headers</Filter>
    </ClInclude>
    <ClInclude Include="header\BoxRenderer.h">
      <Filter>headers</Filter>
    </ClInclude>
    <ClInclude Include="header\RayTracerRenderer.h">
      <Filter>headers</Filter>
    </ClInclude>
    <ClInclude Include="Utilities\DDSTextureLoader\DDSTextureLoader12.h">
      <Filter>headers</Filter>
    </ClInclude>
    <ClInclude Include="header\Application.h" />
    <ClInclude Include="header\SwapChain.h" />
    <ClInclude Include="header\D3D12CommonHeaders.h" />
    <ClInclude Include="header\GameTimer.h" />
    <ClInclude Include="header\DescriptorHeapAllocator.h" />
    <ClInclude Include="header\Device.h" />
    <ClInclude Include="header\ShaderStructs.h" />
  </ItemGroup>
  <ItemGroup>
    <None Include="Utilities\imgui\misc\imgui.natstepfilter">
      <Filter>imgui</Filter>
    </None>
  </ItemGroup>
  <ItemGroup>
    <Natvis Include="Utilities\imgui\misc\imgui.natvis">
      <Filter>imgui</Filter>
    </Natvis>
  </ItemGroup>
</Project>